
Microsoft Visual Studio Solution File, Format Version 12.00
# Visual Studio 15
VisualStudioVersion = 15.0.27130.2027
MinimumVisualStudioVersion = 10.0.40219.1
Project("{FAE04EC0-301F-11D3-BF4B-00C04F79EFBC}") = "Sales", "Sales\Sales.csproj", "{035992A1-525C-4997-AF11-E623BEB4D486}"
EndProject
Global
	GlobalSection(SolutionConfigurationPlatforms) = preSolution
		Debug|Any CPU = Debug|Any CPU
		Release|Any CPU = Release|Any CPU
	EndGlobalSection
	GlobalSection(ProjectConfigurationPlatforms) = postSolution
		{035992A1-525C-4997-AF11-E623BEB4D486}.Debug|Any CPU.ActiveCfg = Debug|Any CPU
		{035992A1-525C-4997-AF11-E623BEB4D486}.Debug|Any CPU.Build.0 = Debug|Any CPU
		{035992A1-525C-4997-AF11-E623BEB4D486}.Release|Any CPU.ActiveCfg = Release|Any CPU
		{035992A1-525C-4997-AF11-E623BEB4D486}.Release|Any CPU.Build.0 = Release|Any CPU
	EndGlobalSection
	GlobalSection(SolutionProperties) = preSolution
		HideSolutionNode = FALSE
	EndGlobalSection
	GlobalSection(ExtensibilityGlobals) = postSolution
		SolutionGuid = {923AB768-4C20-4F4E-AA72-22F705C18949}
	EndGlobalSection
EndGlobal
